
Microsoft Visual Studio Solution File, Format Version 12.00
# Visual Studio Version 17
VisualStudioVersion = 17.1.32228.430
MinimumVisualStudioVersion = 10.0.40219.1
Project("{FAE04EC0-301F-11D3-BF4B-00C04F79EFBC}") = "Elearning", "Elearning\Elearning.csproj", "{60FE639F-224C-47F1-A0FC-17CA7EA312FC}"
EndProject
Global
	GlobalSection(SolutionConfigurationPlatforms) = preSolution
		Debug|Any CPU = Debug|Any CPU
		Release|Any CPU = Release|Any CPU
	EndGlobalSection
	GlobalSection(ProjectConfigurationPlatforms) = postSolution
		{60FE639F-224C-47F1-A0FC-17CA7EA312FC}.Debug|Any CPU.ActiveCfg = Debug|Any CPU
		{60FE639F-224C-47F1-A0FC-17CA7EA312FC}.Debug|Any CPU.Build.0 = Debug|Any CPU
		{60FE639F-224C-47F1-A0FC-17CA7EA312FC}.Release|Any CPU.ActiveCfg = Release|Any CPU
		{60FE639F-224C-47F1-A0FC-17CA7EA312FC}.Release|Any CPU.Build.0 = Release|Any CPU
	EndGlobalSection
	GlobalSection(SolutionProperties) = preSolution
		HideSolutionNode = FALSE
	EndGlobalSection
	GlobalSection(ExtensibilityGlobals) = postSolution
		SolutionGuid = {280CAB5A-E832-409A-922A-791F0B2C7CE0}
	EndGlobalSection
EndGlobal
